
Microsoft Visual Studio Solution File, Format Version 12.00
# Visual Studio Version 16
VisualStudioVersion = 16.0.31515.178
MinimumVisualStudioVersion = 10.0.40219.1
Project("{FAE04EC0-301F-11D3-BF4B-00C04F79EFBC}") = "Exercise1", "Exercise1\Exercise1.csproj", "{225D0828-90F1-46E1-A4ED-C2FFF418450E}"
EndProject
Project("{FAE04EC0-301F-11D3-BF4B-00C04F79EFBC}") = "Exercise2", "Exercise2\Exercise2.csproj", "{5B96D6F5-81E2-4198-BA4B-F25DAA9CE631}"
EndProject
Project("{FAE04EC0-301F-11D3-BF4B-00C04F79EFBC}") = "Exercise3", "Exercise3\Exercise3.csproj", "{E3E9B7BE-5AB5-4CE6-97C7-E438B01E8833}"
EndProject
Global
	GlobalSection(SolutionConfigurationPlatforms) = preSolution
		Debug|Any CPU = Debug|Any CPU
		Release|Any CPU = Release|Any CPU
	EndGlobalSection
	GlobalSection(ProjectConfigurationPlatforms) = postSolution
		{225D0828-90F1-46E1-A4ED-C2FFF418450E}.Debug|Any CPU.ActiveCfg = Debug|Any CPU
		{225D0828-90F1-46E1-A4ED-C2FFF418450E}.Debug|Any CPU.Build.0 = Debug|Any CPU
		{225D0828-90F1-46E1-A4ED-C2FFF418450E}.Release|Any CPU.ActiveCfg = Release|Any CPU
		{225D0828-90F1-46E1-A4ED-C2FFF418450E}.Release|Any CPU.Build.0 = Release|Any CPU
		{5B96D6F5-81E2-4198-BA4B-F25DAA9CE631}.Debug|Any CPU.ActiveCfg = Debug|Any CPU
		{5B96D6F5-81E2-4198-BA4B-F25DAA9CE631}.Debug|Any CPU.Build.0 = Debug|Any CPU
		{5B96D6F5-81E2-4198-BA4B-F25DAA9CE631}.Release|Any CPU.ActiveCfg = Release|Any CPU
		{5B96D6F5-81E2-4198-BA4B-F25DAA9CE631}.Release|Any CPU.Build.0 = Release|Any CPU
		{E3E9B7BE-5AB5-4CE6-97C7-E438B01E8833}.Debug|Any CPU.ActiveCfg = Debug|Any CPU
		{E3E9B7BE-5AB5-4CE6-97C7-E438B01E8833}.Debug|Any CPU.Build.0 = Debug|Any CPU
		{E3E9B7BE-5AB5-4CE6-97C7-E438B01E8833}.Release|Any CPU.ActiveCfg = Release|Any CPU
		{E3E9B7BE-5AB5-4CE6-97C7-E438B01E8833}.Release|Any CPU.Build.0 = Release|Any CPU
	EndGlobalSection
	GlobalSection(SolutionProperties) = preSolution
		HideSolutionNode = FALSE
	EndGlobalSection
	GlobalSection(ExtensibilityGlobals) = postSolution
		SolutionGuid = {0D2C67C5-808F-4226-AF4D-4CC8CD922F06}
	EndGlobalSection
EndGlobal
